
Microsoft Visual Studio Solution File, Format Version 12.00
# Visual Studio Version 16
VisualStudioVersion = 16.0.32002.261
MinimumVisualStudioVersion = 10.0.40219.1
Project("{8BC9CEB8-8B4A-11D0-8D11-00A0C91BC942}") = "2DFrameWork", "2DFrameWork\2DFrameWork.vcxproj", "{C2138BC9-A195-455F-91A6-5FF469EB5E61}"
EndProject
Project("{8BC9CEB8-8B4A-11D0-8D11-00A0C91BC942}") = "Game1", "Game1\Game1.vcxproj", "{62755BC4-7433-469B-8413-314F6EC62971}"
	ProjectSection(ProjectDependencies) = postProject
		{C2138BC9-A195-455F-91A6-5FF469EB5E61} = {C2138BC9-A195-455F-91A6-5FF469EB5E61}
	EndProjectSection
EndProject
Project("{8BC9CEB8-8B4A-11D0-8D11-00A0C91BC942}") = "Game2", "Game2\Game2.vcxproj", "{E4AABC26-46D5-436A-BE00-FF12933156D1}"
	ProjectSection(ProjectDependencies) = postProject
		{C2138BC9-A195-455F-91A6-5FF469EB5E61} = {C2138BC9-A195-455F-91A6-5FF469EB5E61}
	EndProjectSection
EndProject
Project("{2150E333-8FDC-42A3-9474-1A3956D46DE8}") = "Contents", "Contents", "{0EC98764-9025-4AF9-8937-0EB5970059BA}"
EndProject
Project("{2150E333-8FDC-42A3-9474-1A3956D46DE8}") = "Shaders", "Shaders", "{E3F02C0D-0DAD-4181-A968-85F48C12D251}"
	ProjectSection(SolutionItems) = preProject
		Shaders\1.Basic.hlsl = Shaders\1.Basic.hlsl
		Shaders\2.Image.hlsl = Shaders\2.Image.hlsl
		Shaders\3.TileMap.hlsl = Shaders\3.TileMap.hlsl
	EndProjectSection
EndProject
Project("{2150E333-8FDC-42A3-9474-1A3956D46DE8}") = "Images", "Images", "{54A27132-8557-498B-9819-8A219F8DF917}"
	ProjectSection(SolutionItems) = preProject
		Contents\Images\1122.bmp = Contents\Images\1122.bmp
		Contents\Images\4.5_Talk_0.png = Contents\Images\4.5_Talk_0.png
		Contents\Images\A.png = Contents\Images\A.png
		Contents\Images\Arrow.bmp = Contents\Images\Arrow.bmp
		Contents\Images\attack2.png = Contents\Images\attack2.png
		Contents\Images\attack3.png = Contents\Images\attack3.png
		Contents\Images\attackA_headless_skul.png = Contents\Images\attackA_headless_skul.png
		Contents\Images\attackB_headless_skul.png = Contents\Images\attackB_headless_skul.png
		Contents\Images\back.png = Contents\Images\back.png
		Contents\Images\ball_Ex.png = Contents\Images\ball_Ex.png
		Contents\Images\bg.png = Contents\Images\bg.png
		Contents\Images\big_knight_attacka.png = Contents\Images\big_knight_attacka.png
		Contents\Images\big_knight_attackb.png = Contents\Images\big_knight_attackb.png
		Contents\Images\big_knight_die.png = Contents\Images\big_knight_die.png
		Contents\Images\big_knight_idle.png = Contents\Images\big_knight_idle.png
		Contents\Images\big_knight_move.png = Contents\Images\big_knight_move.png
		Contents\Images\BigBang_Ball.png = Contents\Images\BigBang_Ball.png
		Contents\Images\BigBang_Ball_Ready.png = Contents\Images\BigBang_Ball_Ready.png
		Contents\Images\BigBang_Effect.png = Contents\Images\BigBang_Effect.png
		Contents\Images\BigBang_Effect_Start.png = Contents\Images\BigBang_Effect_Start.png
		Contents\Images\BigBang_Ready_Loop_0.png = Contents\Images\BigBang_Ready_Loop_0.png
		Contents\Images\BigEnt_Attack1.bmp = Contents\Images\BigEnt_Attack1.bmp
		Contents\Images\BigEnt_Attack1_Effect.bmp = Contents\Images\BigEnt_Attack1_Effect.bmp
		Contents\Images\BigEnt_Attack2.bmp = Contents\Images\BigEnt_Attack2.bmp
		Contents\Images\BigEnt_Attack22.bmp = Contents\Images\BigEnt_Attack22.bmp
		Contents\Images\BigEnt_AttackIdle.bmp = Contents\Images\BigEnt_AttackIdle.bmp
		Contents\Images\BigEnt_bullet.bmp = Contents\Images\BigEnt_bullet.bmp
		Contents\Images\BigEnt_Dead.bmp = Contents\Images\BigEnt_Dead.bmp
		Contents\Images\BigEnt_Idle.bmp = Contents\Images\BigEnt_Idle.bmp
		Contents\Images\BigStomp_Attack_Smoke.png = Contents\Images\BigStomp_Attack_Smoke.png
		Contents\Images\black.bmp = Contents\Images\black.bmp
		Contents\Images\bomb_Start.png = Contents\Images\bomb_Start.png
		Contents\Images\bono.jpg = Contents\Images\bono.jpg
		Contents\Images\bono2.png = Contents\Images\bono2.png
		Contents\Images\bono3.png = Contents\Images\bono3.png
		Contents\Images\Boost.png = Contents\Images\Boost.png
		Contents\Images\born_GetWeapon.png = Contents\Images\born_GetWeapon.png
		Contents\Images\born_GetWeapon2.png = Contents\Images\born_GetWeapon2.png
		Contents\Images\born_IDLE_NW.png = Contents\Images\born_IDLE_NW.png
		Contents\Images\born_RUN_NW.png = Contents\Images\born_RUN_NW.png
		Contents\Images\bornLess_Jump.png = Contents\Images\bornLess_Jump.png
		Contents\Images\boss.bmp = Contents\Images\boss.bmp
		Contents\Images\boss_background.bmp = Contents\Images\boss_background.bmp
		Contents\Images\BOSS_LEFTHAND3.bmp = Contents\Images\BOSS_LEFTHAND3.bmp
		Contents\Images\BOSS_LEFTHAND3_HIT.bmp = Contents\Images\BOSS_LEFTHAND3_HIT.bmp
		Contents\Images\Boss_TreeGround.bmp = Contents\Images\Boss_TreeGround.bmp
		Contents\Images\bossbg_1.png = Contents\Images\bossbg_1.png
		Contents\Images\bossbg_2.png = Contents\Images\bossbg_2.png
		Contents\Images\bossbg_3.png = Contents\Images\bossbg_3.png
		Contents\Images\bossbody.png = Contents\Images\bossbody.png
		Contents\Images\bossbody9.png = Contents\Images\bossbody9.png
		Contents\Images\bossbody_end.png = Contents\Images\bossbody_end.png
		Contents\Images\bossbody_p2.png = Contents\Images\bossbody_p2.png
		Contents\Images\bossface_bottom.png = Contents\Images\bossface_bottom.png
		Contents\Images\bossface_bottom8.png = Contents\Images\bossface_bottom8.png
		Contents\Images\bossface_bottom_end.png = Contents\Images\bossface_bottom_end.png
		Contents\Images\bossface_bottom_p2.png = Contents\Images\bossface_bottom_p2.png
		Contents\Images\bossface_top.png = Contents\Images\bossface_top.png
		Contents\Images\bossface_top_die.png = Contents\Images\bossface_top_die.png
		Contents\Images\bossface_top_end.png = Contents\Images\bossface_top_end.png
		Contents\Images\bossface_top_p2.png = Contents\Images\bossface_top_p2.png
		Contents\Images\bosshand.png = Contents\Images\bosshand.png
		Contents\Images\bosshand_bomb.png = Contents\Images\bosshand_bomb.png
		Contents\Images\bosshand_left_slam.png = Contents\Images\bosshand_left_slam.png
		Contents\Images\bosshand_p2.png = Contents\Images\bosshand_p2.png
		Contents\Images\bosshand_right_slam.png = Contents\Images\bosshand_right_slam.png
		Contents\Images\bosshand_slam_p2.png = Contents\Images\bosshand_slam_p2.png
		Contents\Images\bosshand_sweep.png = Contents\Images\bosshand_sweep.png
		Contents\Images\bosshand_sweep_p2.png = Contents\Images\bosshand_sweep_p2.png
		Contents\Images\bosshands.png = Contents\Images\bosshands.png
		Contents\Images\bosshands_end.png = Contents\Images\bosshands_end.png
		Contents\Images\BossHealthBar_FirstPhase.png = Contents\Images\BossHealthBar_FirstPhase.png
		Contents\Images\Bosshp.bmp = Contents\Images\Bosshp.bmp
		Contents\Images\BosshpBar_0.bmp = Contents\Images\BosshpBar_0.bmp
		Contents\Images\C.png = Contents\Images\C.png
		Contents\Images\C_Walk.png = Contents\Images\C_Walk.png
		Contents\Images\Cage_Behind.png = Contents\Images\Cage_Behind.png
		Contents\Images\Cage_Behind_Destroyed.png = Contents\Images\Cage_Behind_Destroyed.png
		Contents\Images\Cage_Front.png = Contents\Images\Cage_Front.png
		Contents\Images\Cage_Front_Destroyed.png = Contents\Images\Cage_Front_Destroyed.png
		Contents\Images\Castle.png = Contents\Images\Castle.png
		Contents\Images\ChiefGuard_BIcon.png = Contents\Images\ChiefGuard_BIcon.png
		Contents\Images\ChiefGuard_Head.png = Contents\Images\ChiefGuard_Head.png
		Contents\Images\ChiefGuard_SIcon.png = Contents\Images\ChiefGuard_SIcon.png
		Contents\Images\ChiefGuard_Skill1.png = Contents\Images\ChiefGuard_Skill1.png
		Contents\Images\ChiefGuard_Skill2.png = Contents\Images\ChiefGuard_Skill2.png
		Contents\Images\coin.bmp = Contents\Images\coin.bmp
		Contents\Images\dash_headless_skul.png = Contents\Images\dash_headless_skul.png
		Contents\Images\DoubleJump_Smoke.png = Contents\Images\DoubleJump_Smoke.png
		Contents\Images\DownArrow.png = Contents\Images\DownArrow.png
		Contents\Images\ElderEnt_Die_Impact.png = Contents\Images\ElderEnt_Die_Impact.png
		Contents\Images\ElderEntP2_EnergyCorps_Charging.png = Contents\Images\ElderEntP2_EnergyCorps_Charging.png
		Contents\Images\ElderEntP2_EnergyCorps_Charging3.png = Contents\Images\ElderEntP2_EnergyCorps_Charging3.png
		Contents\Images\ElderEntP2_EnergyCorps_Charging_1.png = Contents\Images\ElderEntP2_EnergyCorps_Charging_1.png
		Contents\Images\ElderEntP2_EnergyCorps_Charging_2.png = Contents\Images\ElderEntP2_EnergyCorps_Charging_2.png
		Contents\Images\ElderEntP2_EnergyCorps_Projectile.png = Contents\Images\ElderEntP2_EnergyCorps_Projectile.png
		Contents\Images\ElderEntP2_EnergyCorps_Projectile_Emerge.png = Contents\Images\ElderEntP2_EnergyCorps_Projectile_Emerge.png
		Contents\Images\ElderEntP2_EnergyCorps_Spark.png = Contents\Images\ElderEntP2_EnergyCorps_Spark.png
		Contents\Images\end.bmp = Contents\Images\end.bmp
		Contents\Images\Ending.png = Contents\Images\Ending.png
		Contents\Images\Ending2.png = Contents\Images\Ending2.png
		Contents\Images\Enemy_Appearance.png = Contents\Images\Enemy_Appearance.png
		Contents\Images\Enemy_Dead.png = Contents\Images\Enemy_Dead.png
		Contents\Images\Enemy_Icon.png = Contents\Images\Enemy_Icon.png
		Contents\Images\EnemyHealthBar.png = Contents\Images\EnemyHealthBar.png
		Contents\Images\EnemyHealthBar_Frame_img.png = Contents\Images\EnemyHealthBar_Frame_img.png
		Contents\Images\Energy.png = Contents\Images\Energy.png
		Contents\Images\EntGas.bmp = Contents\Images\EntGas.bmp
		Contents\Images\fade.bmp = Contents\Images\fade.bmp
		Contents\Images\fall_headless_skul.png = Contents\Images\fall_headless_skul.png
		Contents\Images\fallrepeat_headless_skul.png = Contents\Images\fallrepeat_headless_skul.png
		Contents\Images\Fbutton.bmp = Contents\Images\Fbutton.bmp
		Contents\Images\FireBall.png = Contents\Images\FireBall.png
		Contents\Images\FireBall_0.png = Contents\Images\FireBall_0.png
		Contents\Images\FirePillar.bmp = Contents\Images\FirePillar.bmp
		Contents\Images\FireSlash.png = Contents\Images\FireSlash.png
		Contents\Images\FireSlash_2.png = Contents\Images\FireSlash_2.png
		Contents\Images\floor.bmp = Contents\Images\floor.bmp
		Contents\Images\Floor.png = Contents\Images\Floor.png
		Contents\Images\Fox.bmp = Contents\Images\Fox.bmp
		Contents\Images\gate_boss.png = Contents\Images\gate_boss.png
		Contents\Images\gate_boss_normal.png = Contents\Images\gate_boss_normal.png
		Contents\Images\gate_boss_Open.png = Contents\Images\gate_boss_Open.png
		Contents\Images\gate_broken.png = Contents\Images\gate_broken.png
		Contents\Images\gate_item.png = Contents\Images\gate_item.png
		Contents\Images\gate_normal.png = Contents\Images\gate_normal.png
		Contents\Images\gate_skul.png = Contents\Images\gate_skul.png
		Contents\Images\Gate_Wall.png = Contents\Images\Gate_Wall.png
		Contents\Images\gateClose.png = Contents\Images\gateClose.png
		Contents\Images\Get_Quest.png = Contents\Images\Get_Quest.png
		Contents\Images\getweapon.png = Contents\Images\getweapon.png
		Contents\Images\give_Weapon.bmp = Contents\Images\give_Weapon.bmp
		Contents\Images\Green_Attack.bmp = Contents\Images\Green_Attack.bmp
		Contents\Images\Green_Hit.bmp = Contents\Images\Green_Hit.bmp
		Contents\Images\Green_Idle.bmp = Contents\Images\Green_Idle.bmp
		Contents\Images\Green_Walk.bmp = Contents\Images\Green_Walk.bmp
		Contents\Images\grimSoul.bmp = Contents\Images\grimSoul.bmp
		Contents\Images\Guard_Attack1.png = Contents\Images\Guard_Attack1.png
		Contents\Images\Guard_Attack2.png = Contents\Images\Guard_Attack2.png
		Contents\Images\Guard_Attack3.png = Contents\Images\Guard_Attack3.png
		Contents\Images\Guard_Dash.png = Contents\Images\Guard_Dash.png
		Contents\Images\Guard_Head_Changing.png = Contents\Images\Guard_Head_Changing.png
		Contents\Images\Guard_Idle.png = Contents\Images\Guard_Idle.png
		Contents\Images\Guard_Jump.png = Contents\Images\Guard_Jump.png
		Contents\Images\Guard_Jump_Attack.png = Contents\Images\Guard_Jump_Attack.png
		Contents\Images\Guard_Skill1.png = Contents\Images\Guard_Skill1.png
		Contents\Images\Guard_Skill2.png = Contents\Images\Guard_Skill2.png
		Contents\Images\Guard_Switch.png = Contents\Images\Guard_Switch.png
		Contents\Images\Guard_Walk.png = Contents\Images\Guard_Walk.png
		Contents\Images\Hamer_Attack.bmp = Contents\Images\Hamer_Attack.bmp
		Contents\Images\Hamer_AttackAttack2.bmp = Contents\Images\Hamer_AttackAttack2.bmp
		Contents\Images\Hamer_AttackAttack3.bmp = Contents\Images\Hamer_AttackAttack3.bmp
		Contents\Images\Hamer_AttackIdle.bmp = Contents\Images\Hamer_AttackIdle.bmp
		Contents\Images\Hamer_AttackTackle.bmp = Contents\Images\Hamer_AttackTackle.bmp
		Contents\Images\Hamer_AttackWalk.bmp = Contents\Images\Hamer_AttackWalk.bmp
		Contents\Images\Hero_BigBang_Attack.png = Contents\Images\Hero_BigBang_Attack.png
		Contents\Images\Hero_BigBang_Ready.png = Contents\Images\Hero_BigBang_Ready.png
		Contents\Images\Hero_Fly_Idle.png = Contents\Images\Hero_Fly_Idle.png
		Contents\Images\Hero_Fly_Idle2.png = Contents\Images\Hero_Fly_Idle2.png
		Contents\Images\Hero_Landing.png = Contents\Images\Hero_Landing.png
		Contents\Images\Hero_Landing2.png = Contents\Images\Hero_Landing2.png
		Contents\Images\Hero_Landing_Effect1.png = Contents\Images\Hero_Landing_Effect1.png
		Contents\Images\Hero_Landing_Effect2.png = Contents\Images\Hero_Landing_Effect2.png
		Contents\Images\Hero_Landing_Effect3.png = Contents\Images\Hero_Landing_Effect3.png
		Contents\Images\Hit1_0.png = Contents\Images\Hit1_0.png
		Contents\Images\hit_normal.png = Contents\Images\hit_normal.png
		Contents\Images\Hit_Skul.png = Contents\Images\Hit_Skul.png
		Contents\Images\Idle_Cage_0.png = Contents\Images\Idle_Cage_0.png
		Contents\Images\idle_headless_skul.png = Contents\Images\idle_headless_skul.png
		Contents\Images\InDungeon.png = Contents\Images\InDungeon.png
		Contents\Images\Input.png = Contents\Images\Input.png
		Contents\Images\Inven.bmp = Contents\Images\Inven.bmp
		Contents\Images\Inventory_Frame.png = Contents\Images\Inventory_Frame.png
		Contents\Images\iso.png = Contents\Images\iso.png
		Contents\Images\Jelly.png = Contents\Images\Jelly.png
		Contents\Images\Jump.png = Contents\Images\Jump.png
		Contents\Images\jump_headless_skul.png = Contents\Images\jump_headless_skul.png
		Contents\Images\jumpattack_headless_skul.png = Contents\Images\jumpattack_headless_skul.png
		Contents\Images\Knight_Attack.bmp = Contents\Images\Knight_Attack.bmp
		Contents\Images\Knight_Attack2.bmp = Contents\Images\Knight_Attack2.bmp
		Contents\Images\Knight_Attack_ing.bmp = Contents\Images\Knight_Attack_ing.bmp
		Contents\Images\Knight_Attack_Start.bmp = Contents\Images\Knight_Attack_Start.bmp
		Contents\Images\Knight_Die.bmp = Contents\Images\Knight_Die.bmp
		Contents\Images\Knight_Hit.bmp = Contents\Images\Knight_Hit.bmp
		Contents\Images\Knight_Idle.bmp = Contents\Images\Knight_Idle.bmp
		Contents\Images\Knight_Walk.bmp = Contents\Images\Knight_Walk.bmp
		Contents\Images\Landing_Effect1.png = Contents\Images\Landing_Effect1.png
		Contents\Images\Landing_Effect_01.png = Contents\Images\Landing_Effect_01.png
		Contents\Images\Landing_Effect_02.png = Contents\Images\Landing_Effect_02.png
		Contents\Images\LeftArrow.png = Contents\Images\LeftArrow.png
		Contents\Images\LeftRight.png = Contents\Images\LeftRight.png
		Contents\Images\Life.png = Contents\Images\Life.png
		Contents\Images\LittleBone1.bmp = Contents\Images\LittleBone1.bmp
		Contents\Images\LittleBone2.bmp = Contents\Images\LittleBone2.bmp
		Contents\Images\LITTLEBONE_ATTACK1.bmp = Contents\Images\LITTLEBONE_ATTACK1.bmp
		Contents\Images\LITTLEBONE_ATTACK2.bmp = Contents\Images\LITTLEBONE_ATTACK2.bmp
		Contents\Images\LITTLEBONE_DASH.bmp = Contents\Images\LITTLEBONE_DASH.bmp
		Contents\Images\LITTLEBONE_DEAD.bmp = Contents\Images\LITTLEBONE_DEAD.bmp
		Contents\Images\LITTLEBONE_FALL.bmp = Contents\Images\LITTLEBONE_FALL.bmp
		Contents\Images\LITTLEBONE_HEAD.bmp = Contents\Images\LITTLEBONE_HEAD.bmp
		Contents\Images\LITTLEBONE_IDLE.bmp = Contents\Images\LITTLEBONE_IDLE.bmp
		Contents\Images\LITTLEBONE_JUMP.bmp = Contents\Images\LITTLEBONE_JUMP.bmp
		Contents\Images\LITTLEBONE_JUMP2.bmp = Contents\Images\LITTLEBONE_JUMP2.bmp
		Contents\Images\LITTLEBONE_JUMPATTACK.bmp = Contents\Images\LITTLEBONE_JUMPATTACK.bmp
		Contents\Images\LITTLEBONE_REBORN.bmp = Contents\Images\LITTLEBONE_REBORN.bmp
		Contents\Images\LITTLEBONE_REPEATFALL.bmp = Contents\Images\LITTLEBONE_REPEATFALL.bmp
		Contents\Images\LITTLEBONE_SKILL.bmp = Contents\Images\LITTLEBONE_SKILL.bmp
		Contents\Images\LITTLEBONE_STAY.bmp = Contents\Images\LITTLEBONE_STAY.bmp
		Contents\Images\LITTLEBONE_WALK.bmp = Contents\Images\LITTLEBONE_WALK.bmp
		Contents\Images\MAP1_FLOATING1_SPRITE.bmp = Contents\Images\MAP1_FLOATING1_SPRITE.bmp
		Contents\Images\MAP1_FLOATING2_SPRITE.bmp = Contents\Images\MAP1_FLOATING2_SPRITE.bmp
		Contents\Images\MAP1_HILL1_SPRITE.bmp = Contents\Images\MAP1_HILL1_SPRITE.bmp
		Contents\Images\MAP1_HILL2_SPRITE.bmp = Contents\Images\MAP1_HILL2_SPRITE.bmp
		Contents\Images\MAP1_TERRAIN_SPRITE.bmp = Contents\Images\MAP1_TERRAIN_SPRITE.bmp
		Contents\Images\MapTool.bmp = Contents\Images\MapTool.bmp
		Contents\Images\MINION1_ATTACK.bmp = Contents\Images\MINION1_ATTACK.bmp
		Contents\Images\MINION1_DAMAGE.bmp = Contents\Images\MINION1_DAMAGE.bmp
		Contents\Images\MINION1_IDLE.bmp = Contents\Images\MINION1_IDLE.bmp
		Contents\Images\MINION1_WALK.bmp = Contents\Images\MINION1_WALK.bmp
		Contents\Images\MINION1_WALKTEST.bmp = Contents\Images\MINION1_WALKTEST.bmp
		Contents\Images\MINION2_ATTACK.bmp = Contents\Images\MINION2_ATTACK.bmp
		Contents\Images\MINION2_DAMAGE.bmp = Contents\Images\MINION2_DAMAGE.bmp
		Contents\Images\MINION2_IDLE.bmp = Contents\Images\MINION2_IDLE.bmp
		Contents\Images\MINION2_WALK.bmp = Contents\Images\MINION2_WALK.bmp
		Contents\Images\MINION3_ATTACK.bmp = Contents\Images\MINION3_ATTACK.bmp
		Contents\Images\MINION3_DAMAGE.bmp = Contents\Images\MINION3_DAMAGE.bmp
		Contents\Images\MINION3_IDLE.bmp = Contents\Images\MINION3_IDLE.bmp
		Contents\Images\MINION3_WALK.bmp = Contents\Images\MINION3_WALK.bmp
		Contents\Images\MINION4_ATTACK.bmp = Contents\Images\MINION4_ATTACK.bmp
		Contents\Images\MINION4_IDLE.bmp = Contents\Images\MINION4_IDLE.bmp
		Contents\Images\MINION4_SKILL.bmp = Contents\Images\MINION4_SKILL.bmp
		Contents\Images\move_skul.png = Contents\Images\move_skul.png
		Contents\Images\nWeapon_Start.png = Contents\Images\nWeapon_Start.png
		Contents\Images\Ogre_Attack.png = Contents\Images\Ogre_Attack.png
		Contents\Images\Ogre_Die.png = Contents\Images\Ogre_Die.png
		Contents\Images\Ogre_Idle.png = Contents\Images\Ogre_Idle.png
		Contents\Images\Ogre_N_Die.png = Contents\Images\Ogre_N_Die.png
		Contents\Images\Ogre_N_Idle.png = Contents\Images\Ogre_N_Idle.png
		Contents\Images\Ogre_N_Laugh.png = Contents\Images\Ogre_N_Laugh.png
		Contents\Images\Ogre_N_Walk.png = Contents\Images\Ogre_N_Walk.png
		Contents\Images\Ogre_Walk.png = Contents\Images\Ogre_Walk.png
		Contents\Images\Oven1.png = Contents\Images\Oven1.png
		Contents\Images\Oven2.png = Contents\Images\Oven2.png
		..\..\..\user\Desktop\pepe.png = ..\..\..\user\Desktop\pepe.png
		Contents\Images\Pink_Attack.bmp = Contents\Images\Pink_Attack.bmp
		Contents\Images\Pink_Attack_Ready.bmp = Contents\Images\Pink_Attack_Ready.bmp
		Contents\Images\Pink_Hit.bmp = Contents\Images\Pink_Hit.bmp
		Contents\Images\Pink_Idle.bmp = Contents\Images\Pink_Idle.bmp
		Contents\Images\Pink_Walk.bmp = Contents\Images\Pink_Walk.bmp
		Contents\Images\PlayeBullet.png = Contents\Images\PlayeBullet.png
		Contents\Images\Player_HealthBar.png = Contents\Images\Player_HealthBar.png
		Contents\Images\Player_Normal_Frame.png = Contents\Images\Player_Normal_Frame.png
		Contents\Images\Player_Skill2_Frame.png = Contents\Images\Player_Skill2_Frame.png
		Contents\Images\Player_Subskill1_Frame.png = Contents\Images\Player_Subskill1_Frame.png
		Contents\Images\Player_Subskill2_Frame.png = Contents\Images\Player_Subskill2_Frame.png
		Contents\Images\Player_Subskull_Frame.png = Contents\Images\Player_Subskull_Frame.png
		Contents\Images\portrait_skul.png = Contents\Images\portrait_skul.png
		Contents\Images\reborn_castle_skul.png = Contents\Images\reborn_castle_skul.png
		Contents\Images\RightArrow.png = Contents\Images\RightArrow.png
		Contents\Images\rock.bmp = Contents\Images\rock.bmp
		Contents\Images\Roll.png = Contents\Images\Roll.png
		Contents\Images\run.bmp = Contents\Images\run.bmp
		Contents\Images\S.png = Contents\Images\S.png
		Contents\Images\skeleton #15891.png = Contents\Images\skeleton #15891.png
		Contents\Images\Skill_B_Slash.png = Contents\Images\Skill_B_Slash.png
		Contents\Images\skillA_skul.png = Contents\Images\skillA_skul.png
		Contents\Images\skillB_skul.png = Contents\Images\skillB_skul.png
		Contents\Images\skul_cursor.png = Contents\Images\skul_cursor.png
		Contents\Images\skul_Dash_Effect.bmp = Contents\Images\skul_Dash_Effect.bmp
		Contents\Images\skul_die.png = Contents\Images\skul_die.png
		Contents\Images\skul_head.png = Contents\Images\skul_head.png
		Contents\Images\Skul_UI.bmp = Contents\Images\Skul_UI.bmp
		Contents\Images\Slide.png = Contents\Images\Slide.png
		Contents\Images\Space.png = Contents\Images\Space.png
		Contents\Images\spin.bmp = Contents\Images\spin.bmp
		Contents\Images\Sprites #16535.png = Contents\Images\Sprites #16535.png
		Contents\Images\Sprites #16567.png = Contents\Images\Sprites #16567.png
		Contents\Images\stage01.png = Contents\Images\stage01.png
		Contents\Images\stage01_1.png = Contents\Images\stage01_1.png
		Contents\Images\stage01_2.png = Contents\Images\stage01_2.png
		Contents\Images\stage01_3.png = Contents\Images\stage01_3.png
		Contents\Images\stage01_4.png = Contents\Images\stage01_4.png
		Contents\Images\stage01_5.png = Contents\Images\stage01_5.png
		Contents\Images\stage01_6.png = Contents\Images\stage01_6.png
		Contents\Images\stage01_map.png = Contents\Images\stage01_map.png
		Contents\Images\stage02_map.png = Contents\Images\stage02_map.png
		Contents\Images\stage1_backBillage.bmp = Contents\Images\stage1_backBillage.bmp
		Contents\Images\stage1_backGround.bmp = Contents\Images\stage1_backGround.bmp
		Contents\Images\stage1_dark.bmp = Contents\Images\stage1_dark.bmp
		Contents\Images\stage1_fallWall.bmp = Contents\Images\stage1_fallWall.bmp
		Contents\Images\stage1_fallWall1.bmp = Contents\Images\stage1_fallWall1.bmp
		Contents\Images\stage1_fallWall2.bmp = Contents\Images\stage1_fallWall2.bmp
		Contents\Images\stage1_ground.bmp = Contents\Images\stage1_ground.bmp
		Contents\Images\stage1_groundCandle.bmp = Contents\Images\stage1_groundCandle.bmp
		Contents\Images\stage1_groundWall.bmp = Contents\Images\stage1_groundWall.bmp
		Contents\Images\stage1_inWall.bmp = Contents\Images\stage1_inWall.bmp
		Contents\Images\stage1_outWall.bmp = Contents\Images\stage1_outWall.bmp
		Contents\Images\stage1_sky.bmp = Contents\Images\stage1_sky.bmp
		Contents\Images\stage1_sky1.bmp = Contents\Images\stage1_sky1.bmp
		Contents\Images\stage1_skyMove.bmp = Contents\Images\stage1_skyMove.bmp
		Contents\Images\stage2_backGround.bmp = Contents\Images\stage2_backGround.bmp
		Contents\Images\stage2_ground.bmp = Contents\Images\stage2_ground.bmp
		Contents\Images\stage2_portal.bmp = Contents\Images\stage2_portal.bmp
		Contents\Images\stage2_sky.bmp = Contents\Images\stage2_sky.bmp
		Contents\Images\stage3_backGround.bmp = Contents\Images\stage3_backGround.bmp
		Contents\Images\stage3_portalClose.bmp = Contents\Images\stage3_portalClose.bmp
		Contents\Images\stage3_portalLeftOpen.bmp = Contents\Images\stage3_portalLeftOpen.bmp
		Contents\Images\stage3_portalRightOpen.bmp = Contents\Images\stage3_portalRightOpen.bmp
		Contents\Images\stage3_tree.bmp = Contents\Images\stage3_tree.bmp
		Contents\Images\stage4_backGround.bmp = Contents\Images\stage4_backGround.bmp
		Contents\Images\stage4_portalClose.bmp = Contents\Images\stage4_portalClose.bmp
		Contents\Images\stage5_backGround.bmp = Contents\Images\stage5_backGround.bmp
		Contents\Images\stage6_backGround.bmp = Contents\Images\stage6_backGround.bmp
		Contents\Images\stage6_portal.bmp = Contents\Images\stage6_portal.bmp
		Contents\Images\stage_background.bmp = Contents\Images\stage_background.bmp
		Contents\Images\stage_background1.bmp = Contents\Images\stage_background1.bmp
		Contents\Images\stage_background2.bmp = Contents\Images\stage_background2.bmp
		Contents\Images\stage_background3.bmp = Contents\Images\stage_background3.bmp
		Contents\Images\stageLobby_outer.png = Contents\Images\stageLobby_outer.png
		Contents\Images\start.bmp = Contents\Images\start.bmp
		Contents\Images\Start.jpg = Contents\Images\Start.jpg
		Contents\Images\Start.png = Contents\Images\Start.png
		Contents\Images\startKey.bmp = Contents\Images\startKey.bmp
		Contents\Images\startscene_text.png = Contents\Images\startscene_text.png
		Contents\Images\StoreMaster.bmp = Contents\Images\StoreMaster.bmp
		Contents\Images\switch_skul.png = Contents\Images\switch_skul.png
		Contents\Images\Text.png = Contents\Images\Text.png
		Contents\Images\Thorn.bmp = Contents\Images\Thorn.bmp
		Contents\Images\Thunder.png = Contents\Images\Thunder.png
		Contents\Images\Tile.png = Contents\Images\Tile.png
		Contents\Images\Tile2.png = Contents\Images\Tile2.png
		Contents\Images\Time.png = Contents\Images\Time.png
		Contents\Images\Title_Art.png = Contents\Images\Title_Art.png
		Contents\Images\Title_Logo.png = Contents\Images\Title_Logo.png
		Contents\Images\tongIdle.png = Contents\Images\tongIdle.png
		Contents\Images\tongMove.png = Contents\Images\tongMove.png
		Contents\Images\tongMove1.png = Contents\Images\tongMove1.png
		Contents\Images\tongMove2.png = Contents\Images\tongMove2.png
		Contents\Images\tongMove3.png = Contents\Images\tongMove3.png
		Contents\Images\Tutorial.png = Contents\Images\Tutorial.png
		Contents\Images\Tutorial2.png = Contents\Images\Tutorial2.png
		Contents\Images\Tutorial3.png = Contents\Images\Tutorial3.png
		Contents\Images\Tutorial4.png = Contents\Images\Tutorial4.png
		Contents\Images\Tutorial_Background.png = Contents\Images\Tutorial_Background.png
		Contents\Images\TutorialBoss_Bottom_Back.png = Contents\Images\TutorialBoss_Bottom_Back.png
		Contents\Images\TutorialBoss_Front.png = Contents\Images\TutorialBoss_Front.png
		Contents\Images\TutorialBoss_Top_Back.png = Contents\Images\TutorialBoss_Top_Back.png
		Contents\Images\UI_Base.bmp = Contents\Images\UI_Base.bmp
		Contents\Images\UI_Base_mini.bmp = Contents\Images\UI_Base_mini.bmp
		Contents\Images\UI_Status.bmp = Contents\Images\UI_Status.bmp
		Contents\Images\UnconsciousRapidSword_Slash_0.png = Contents\Images\UnconsciousRapidSword_Slash_0.png
		Contents\Images\Up.png = Contents\Images\Up.png
		Contents\Images\Walk.png = Contents\Images\Walk.png
		Contents\Images\weapon_shop.bmp = Contents\Images\weapon_shop.bmp
		Contents\Images\witch.bmp = Contents\Images\witch.bmp
		Contents\Images\Witch_Cat_Idle.png = Contents\Images\Witch_Cat_Idle.png
		Contents\Images\Witch_Cat_walk.png = Contents\Images\Witch_Cat_walk.png
		Contents\Images\Witch_Idle.png = Contents\Images\Witch_Idle.png
		Contents\Images\Witch_NextLevel.png = Contents\Images\Witch_NextLevel.png
		Contents\Images\Witch_Poly.png = Contents\Images\Witch_Poly.png
		Contents\Images\X.png = Contents\Images\X.png
		Contents\Images\Z.png = Contents\Images\Z.png
		Contents\Images\zzangu_3.jpg = Contents\Images\zzangu_3.jpg
		Contents\Images\다음던전문.bmp = Contents\Images\다음던전문.bmp
		Contents\Images\보스문.bmp = Contents\Images\보스문.bmp
		Contents\Images\상점머리.bmp = Contents\Images\상점머리.bmp
		Contents\Images\상점문.bmp = Contents\Images\상점문.bmp
		Contents\Images\오브상인.bmp = Contents\Images\오브상인.bmp
		Contents\Images\오브젝트(깃발).bmp = Contents\Images\오브젝트(깃발).bmp
		Contents\Images\오브젝트(깃발2).bmp = Contents\Images\오브젝트(깃발2).bmp
		Contents\Images\오브젝트(나무).bmp = Contents\Images\오브젝트(나무).bmp
		Contents\Images\오브젝트(돌탑).bmp = Contents\Images\오브젝트(돌탑).bmp
		Contents\Images\오브젝트(불).bmp = Contents\Images\오브젝트(불).bmp
		Contents\Images\오브젝트(큰나무) - 복사본.bmp = Contents\Images\오브젝트(큰나무) - 복사본.bmp
		Contents\Images\오브젝트(큰나무).bmp = Contents\Images\오브젝트(큰나무).bmp
		Contents\Images\오브젝트(타워).bmp = Contents\Images\오브젝트(타워).bmp
		Contents\Images\오브젝트(텐트) - 복사본.bmp = Contents\Images\오브젝트(텐트) - 복사본.bmp
		Contents\Images\오브젝트(텐트).bmp = Contents\Images\오브젝트(텐트).bmp
		Contents\Images\요리사 - 복사본.bmp = Contents\Images\요리사 - 복사본.bmp
		Contents\Images\요리사.bmp = Contents\Images\요리사.bmp
		Contents\Images\중간보스문 - 복사본.bmp = Contents\Images\중간보스문 - 복사본.bmp
		Contents\Images\중간보스문.bmp = Contents\Images\중간보스문.bmp
	EndProjectSection
EndProject
Project("{2150E333-8FDC-42A3-9474-1A3956D46DE8}") = "Txt", "Txt", "{BC1DD457-26F1-4145-994B-7D33F751C292}"
	ProjectSection(SolutionItems) = preProject
		Txt\렌더링 파이프라인.txt = Txt\렌더링 파이프라인.txt
		Txt\벡터.txt = Txt\벡터.txt
		Txt\삼각함수.txt = Txt\삼각함수.txt
		Txt\좌표해상도.txt = Txt\좌표해상도.txt
		Txt\행렬.txt = Txt\행렬.txt
	EndProjectSection
EndProject
Project("{2150E333-8FDC-42A3-9474-1A3956D46DE8}") = "Sound", "Sound", "{031D9208-75CB-45ED-AE3F-F9B0AA28E8CC}"
	ProjectSection(SolutionItems) = preProject
		Contents\Sound\015_FirstHero_P1_Landing_Stomp_a_v1.wav = Contents\Sound\015_FirstHero_P1_Landing_Stomp_a_v1.wav
		Contents\Sound\017_FirstHero_P1_HeroLanding_Stomp_a_v1.wav = Contents\Sound\017_FirstHero_P1_HeroLanding_Stomp_a_v1.wav
		Contents\Sound\bgm.wav = Contents\Sound\bgm.wav
		Contents\Sound\Chapter1.wav = Contents\Sound\Chapter1.wav
		Contents\Sound\Chapter1_Boss.wav = Contents\Sound\Chapter1_Boss.wav
		Contents\Sound\Chief_Lightning 1.wav = Contents\Sound\Chief_Lightning 1.wav
		Contents\Sound\Chief_Lightning 2.wav = Contents\Sound\Chief_Lightning 2.wav
		Contents\Sound\DavyJones_AmTheSea_Thunder_Hit.wav = Contents\Sound\DavyJones_AmTheSea_Thunder_Hit.wav
		Contents\Sound\Default_Dash.wav = Contents\Sound\Default_Dash.wav
		Contents\Sound\Default_Jump.wav = Contents\Sound\Default_Jump.wav
		Contents\Sound\Default_Jump_Air.wav = Contents\Sound\Default_Jump_Air.wav
		Contents\Sound\DemonCastle.wav = Contents\Sound\DemonCastle.wav
		Contents\Sound\ElderEnt_EnergyBomb_Fire.wav = Contents\Sound\ElderEnt_EnergyBomb_Fire.wav
		Contents\Sound\ElderEnt_EnergyBomb_Ready.wav = Contents\Sound\ElderEnt_EnergyBomb_Ready.wav
		Contents\Sound\ElderEnt_FistSlam_Roar [Legacy].wav = Contents\Sound\ElderEnt_FistSlam_Roar [Legacy].wav
		Contents\Sound\ElderEnt_Groggy_Intro [Legacy].wav = Contents\Sound\ElderEnt_Groggy_Intro [Legacy].wav
		Contents\Sound\ElderEnt_Groggy_Recovery.wav = Contents\Sound\ElderEnt_Groggy_Recovery.wav
		Contents\Sound\ElderEnt_Impact [Legacy].wav = Contents\Sound\ElderEnt_Impact [Legacy].wav
		Contents\Sound\ElderEnt_Normalize [Legacy].wav = Contents\Sound\ElderEnt_Normalize [Legacy].wav
		Contents\Sound\ElderEnt_Roar.wav = Contents\Sound\ElderEnt_Roar.wav
		Contents\Sound\ElderEnt_Sweeping.wav = Contents\Sound\ElderEnt_Sweeping.wav
		Contents\Sound\ElderEnt_Sweeping_Roar.wav = Contents\Sound\ElderEnt_Sweeping_Roar.wav
		Contents\Sound\Enemy_Stomp.wav = Contents\Sound\Enemy_Stomp.wav
		Contents\Sound\gun.wav = Contents\Sound\gun.wav
		Contents\Sound\Hero_Charging.wav = Contents\Sound\Hero_Charging.wav
		Contents\Sound\Hero_Landing.wav = Contents\Sound\Hero_Landing.wav
		Contents\Sound\Hit.wav = Contents\Sound\Hit.wav
		Contents\Sound\MAA_Atk_Ready.wav = Contents\Sound\MAA_Atk_Ready.wav
		Contents\Sound\MAA_Tackle_Ready.wav = Contents\Sound\MAA_Tackle_Ready.wav
		Contents\Sound\Recruit_Atk_Ready01.wav = Contents\Sound\Recruit_Atk_Ready01.wav
		Contents\Sound\Recruit_Atk_Ready04.wav = Contents\Sound\Recruit_Atk_Ready04.wav
		Contents\Sound\Skul_Atk 1.wav = Contents\Sound\Skul_Atk 1.wav
		Contents\Sound\Skul_Atk 2.wav = Contents\Sound\Skul_Atk 2.wav
		Contents\Sound\Skul_Jump_Atk.wav = Contents\Sound\Skul_Jump_Atk.wav
		Contents\Sound\Skul_Reborn_Cape.wav = Contents\Sound\Skul_Reborn_Cape.wav
		Contents\Sound\Skul_Reborn_Rise.wav = Contents\Sound\Skul_Reborn_Rise.wav
		Contents\Sound\Skul_SkullBack.wav = Contents\Sound\Skul_SkullBack.wav
		Contents\Sound\Skul_Switch.wav = Contents\Sound\Skul_Switch.wav
		Contents\Sound\SkulStory5_Chapter4_FirstHero.wav = Contents\Sound\SkulStory5_Chapter4_FirstHero.wav
		Contents\Sound\SkulStory7_Ending_Epilogue.wav = Contents\Sound\SkulStory7_Ending_Epilogue.wav
		Contents\Sound\Stage.mp3 = Contents\Sound\Stage.mp3
		Contents\Sound\Title.mp3 = Contents\Sound\Title.mp3
		Contents\Sound\Tutorial.wav = Contents\Sound\Tutorial.wav
		Contents\Sound\Tutorial_Meow.wav = Contents\Sound\Tutorial_Meow.wav
		Contents\Sound\Tutorial_Ogre_Atk_Ready.wav = Contents\Sound\Tutorial_Ogre_Atk_Ready.wav
		Contents\Sound\Tutorial_Ogre_Confuse.wav = Contents\Sound\Tutorial_Ogre_Confuse.wav
		Contents\Sound\Tutorial_Ogre_Laugh.wav = Contents\Sound\Tutorial_Ogre_Laugh.wav
		Contents\Sound\Tutorial_Skeletong_Surprise.wav = Contents\Sound\Tutorial_Skeletong_Surprise.wav
		Contents\Sound\UI_Inventory_Close.wav = Contents\Sound\UI_Inventory_Close.wav
		Contents\Sound\UI_Inventory_Open.wav = Contents\Sound\UI_Inventory_Open.wav
	EndProjectSection
EndProject
Project("{8BC9CEB8-8B4A-11D0-8D11-00A0C91BC942}") = "TileMapEditor", "TileMapEditor\TileMapEditor.vcxproj", "{37790D50-FD4B-4DB7-9ABE-B6445321D496}"
	ProjectSection(ProjectDependencies) = postProject
		{C2138BC9-A195-455F-91A6-5FF469EB5E61} = {C2138BC9-A195-455F-91A6-5FF469EB5E61}
	EndProjectSection
EndProject
Global
	GlobalSection(SolutionConfigurationPlatforms) = preSolution
		Debug|x64 = Debug|x64
		Debug|x86 = Debug|x86
		Release|x64 = Release|x64
		Release|x86 = Release|x86
	EndGlobalSection
	GlobalSection(ProjectConfigurationPlatforms) = postSolution
		{C2138BC9-A195-455F-91A6-5FF469EB5E61}.Debug|x64.ActiveCfg = Debug|x64
		{C2138BC9-A195-455F-91A6-5FF469EB5E61}.Debug|x64.Build.0 = Debug|x64
		{C2138BC9-A195-455F-91A6-5FF469EB5E61}.Debug|x86.ActiveCfg = Debug|Win32
		{C2138BC9-A195-455F-91A6-5FF469EB5E61}.Debug|x86.Build.0 = Debug|Win32
		{C2138BC9-A195-455F-91A6-5FF469EB5E61}.Release|x64.ActiveCfg = Release|x64
		{C2138BC9-A195-455F-91A6-5FF469EB5E61}.Release|x64.Build.0 = Release|x64
		{C2138BC9-A195-455F-91A6-5FF469EB5E61}.Release|x86.ActiveCfg = Release|Win32
		{C2138BC9-A195-455F-91A6-5FF469EB5E61}.Release|x86.Build.0 = Release|Win32
		{62755BC4-7433-469B-8413-314F6EC62971}.Debug|x64.ActiveCfg = Debug|x64
		{62755BC4-7433-469B-8413-314F6EC62971}.Debug|x64.Build.0 = Debug|x64
		{62755BC4-7433-469B-8413-314F6EC62971}.Debug|x86.ActiveCfg = Debug|Win32
		{62755BC4-7433-469B-8413-314F6EC62971}.Debug|x86.Build.0 = Debug|Win32
		{62755BC4-7433-469B-8413-314F6EC62971}.Release|x64.ActiveCfg = Release|x64
		{62755BC4-7433-469B-8413-314F6EC62971}.Release|x64.Build.0 = Release|x64
		{62755BC4-7433-469B-8413-314F6EC62971}.Release|x86.ActiveCfg = Release|Win32
		{62755BC4-7433-469B-8413-314F6EC62971}.Release|x86.Build.0 = Release|Win32
		{E4AABC26-46D5-436A-BE00-FF12933156D1}.Debug|x64.ActiveCfg = Debug|x64
		{E4AABC26-46D5-436A-BE00-FF12933156D1}.Debug|x64.Build.0 = Debug|x64
		{E4AABC26-46D5-436A-BE00-FF12933156D1}.Debug|x86.ActiveCfg = Debug|Win32
		{E4AABC26-46D5-436A-BE00-FF12933156D1}.Debug|x86.Build.0 = Debug|Win32
		{E4AABC26-46D5-436A-BE00-FF12933156D1}.Release|x64.ActiveCfg = Release|x64
		{E4AABC26-46D5-436A-BE00-FF12933156D1}.Release|x64.Build.0 = Release|x64
		{E4AABC26-46D5-436A-BE00-FF12933156D1}.Release|x86.ActiveCfg = Release|Win32
		{E4AABC26-46D5-436A-BE00-FF12933156D1}.Release|x86.Build.0 = Release|Win32
		{37790D50-FD4B-4DB7-9ABE-B6445321D496}.Debug|x64.ActiveCfg = Debug|x64
		{37790D50-FD4B-4DB7-9ABE-B6445321D496}.Debug|x64.Build.0 = Debug|x64
		{37790D50-FD4B-4DB7-9ABE-B6445321D496}.Debug|x86.ActiveCfg = Debug|Win32
		{37790D50-FD4B-4DB7-9ABE-B6445321D496}.Debug|x86.Build.0 = Debug|Win32
		{37790D50-FD4B-4DB7-9ABE-B6445321D496}.Release|x64.ActiveCfg = Release|x64
		{37790D50-FD4B-4DB7-9ABE-B6445321D496}.Release|x64.Build.0 = Release|x64
		{37790D50-FD4B-4DB7-9ABE-B6445321D496}.Release|x86.ActiveCfg = Release|Win32
		{37790D50-FD4B-4DB7-9ABE-B6445321D496}.Release|x86.Build.0 = Release|Win32
	EndGlobalSection
	GlobalSection(SolutionProperties) = preSolution
		HideSolutionNode = FALSE
	EndGlobalSection
	GlobalSection(NestedProjects) = preSolution
		{54A27132-8557-498B-9819-8A219F8DF917} = {0EC98764-9025-4AF9-8937-0EB5970059BA}
		{031D9208-75CB-45ED-AE3F-F9B0AA28E8CC} = {0EC98764-9025-4AF9-8937-0EB5970059BA}
	EndGlobalSection
	GlobalSection(ExtensibilityGlobals) = postSolution
		SolutionGuid = {9E65A645-0ED0-45FC-8214-114C1DE27774}
	EndGlobalSection
EndGlobal
